{
    "name": "nats-subscriber",
    "version": "1.0.0",
    "lockfileVersion": 1,
    "requires": true,
    "dependencies": {
        "nats": {
            "version": "1.4.9",
            "resolved": "https://registry.npmjs.org/nats/-/nats-1.4.9.tgz",
            "integrity": "sha512-D0qTg2v0jir32TCJfGkxRwOba4/9vqJJmr4GtghR/J9AF6E0y1BdCeXxnD2G+hruSPnKUbF0NzaQVPbSg5fdOg==",
            "requires": {
                "nuid": "^1.1.4",
                "ts-nkeys": "^1.0.16"
            }
        },
        "nuid": {
            "version": "1.1.4",
            "resolved": "https://registry.npmjs.org/nuid/-/nuid-1.1.4.tgz",
            "integrity": "sha512-PXiYyHhGfrq8H4g5HyC8enO1lz6SBe5z6x1yx/JG4tmADzDGJVQy3l1sRf3VtEvPsN8dGn9hRFRwDKWL62x0BA=="
        },
        "ts-nkeys": {
            "version": "1.0.16",
            "resolved": "https://registry.npmjs.org/ts-nkeys/-/ts-nkeys-1.0.16.tgz",
            "integrity": "sha512-1qrhAlavbm36wtW+7NtKOgxpzl+70NTF8xlz9mEhiA5zHMlMxjj3sEVKWm3pGZhHXE0Q3ykjrj+OSRVaYw+Dqg==",
            "requires": {
                "tweetnacl": "^1.0.3"
            }
        },
        "tweetnacl": {
            "version": "1.0.3",
            "resolved": "https://registry.npmjs.org/tweetnacl/-/tweetnacl-1.0.3.tgz",
            "integrity": "sha512-6rt+RN7aOi1nGMyC4Xa5DdYiukl2UWCbcJft7YhxReBGQD7OAM8Pbxw6YMo4r2diNEA8FEmu32YOn9rhaiE5yw=="
        }
    }
}
